
Microsoft Visual Studio Solution File, Format Version 12.00
# Visual Studio Version 17
VisualStudioVersion = 17.0.32126.317
MinimumVisualStudioVersion = 10.0.40219.1
Project("{FAE04EC0-301F-11D3-BF4B-00C04F79EFBC}") = "E Learning Platform", "E Learning Platform\E Learning Platform.csproj", "{9FB0067A-A9E6-4F85-A3F9-434888FD0D39}"
EndProject
Global
	GlobalSection(SolutionConfigurationPlatforms) = preSolution
		Debug|Any CPU = Debug|Any CPU
		Release|Any CPU = Release|Any CPU
	EndGlobalSection
	GlobalSection(ProjectConfigurationPlatforms) = postSolution
		{9FB0067A-A9E6-4F85-A3F9-434888FD0D39}.Debug|Any CPU.ActiveCfg = Debug|Any CPU
		{9FB0067A-A9E6-4F85-A3F9-434888FD0D39}.Debug|Any CPU.Build.0 = Debug|Any CPU
		{9FB0067A-A9E6-4F85-A3F9-434888FD0D39}.Release|Any CPU.ActiveCfg = Release|Any CPU
		{9FB0067A-A9E6-4F85-A3F9-434888FD0D39}.Release|Any CPU.Build.0 = Release|Any CPU
	EndGlobalSection
	GlobalSection(SolutionProperties) = preSolution
		HideSolutionNode = FALSE
	EndGlobalSection
	GlobalSection(ExtensibilityGlobals) = postSolution
		SolutionGuid = {B4C67D0D-15CC-42C6-86CA-F0055E090480}
	EndGlobalSection
EndGlobal
